
Microsoft Visual Studio Solution File, Format Version 12.00
# Visual Studio Version 16
VisualStudioVersion = 16.0.30320.27
MinimumVisualStudioVersion = 15.0.26124.0
Project("{9A19103F-16F7-4668-BE54-9A1E7A4F7556}") = "DaveMarket.Server", "DaveMarket.Server\DaveMarket.Server.csproj", "{D88DEEDA-9975-4EB0-ADB7-E0DFEDA313AD}"
EndProject
Project("{9A19103F-16F7-4668-BE54-9A1E7A4F7556}") = "DaveMarket.Common", "DaveMarket.Common\DaveMarket.Common.csproj", "{38B0B2EE-2A96-4AE4-A632-9C40F1738DF3}"
EndProject
Project("{9A19103F-16F7-4668-BE54-9A1E7A4F7556}") = "DaveMarket.App", "DaveMarket.App\DaveMarket.App.csproj", "{AAC535A7-D1CC-48E3-ACCD-79588ADE1B88}"
EndProject
Project("{2150E333-8FDC-42A3-9474-1A3956D46DE8}") = "web", "web", "{30E0BAFD-5601-4408-B33D-21ACC059C939}"
EndProject
Global
	GlobalSection(SolutionConfigurationPlatforms) = preSolution
		Debug|Any CPU = Debug|Any CPU
		Debug|x64 = Debug|x64
		Debug|x86 = Debug|x86
		Release|Any CPU = Release|Any CPU
		Release|x64 = Release|x64
		Release|x86 = Release|x86
	EndGlobalSection
	GlobalSection(ProjectConfigurationPlatforms) = postSolution
		{D88DEEDA-9975-4EB0-ADB7-E0DFEDA313AD}.Debug|Any CPU.ActiveCfg = Debug|Any CPU
		{D88DEEDA-9975-4EB0-ADB7-E0DFEDA313AD}.Debug|Any CPU.Build.0 = Debug|Any CPU
		{D88DEEDA-9975-4EB0-ADB7-E0DFEDA313AD}.Debug|x64.ActiveCfg = Debug|Any CPU
		{D88DEEDA-9975-4EB0-ADB7-E0DFEDA313AD}.Debug|x64.Build.0 = Debug|Any CPU
		{D88DEEDA-9975-4EB0-ADB7-E0DFEDA313AD}.Debug|x86.ActiveCfg = Debug|Any CPU
		{D88DEEDA-9975-4EB0-ADB7-E0DFEDA313AD}.Debug|x86.Build.0 = Debug|Any CPU
		{D88DEEDA-9975-4EB0-ADB7-E0DFEDA313AD}.Release|Any CPU.ActiveCfg = Release|Any CPU
		{D88DEEDA-9975-4EB0-ADB7-E0DFEDA313AD}.Release|Any CPU.Build.0 = Release|Any CPU
		{D88DEEDA-9975-4EB0-ADB7-E0DFEDA313AD}.Release|x64.ActiveCfg = Release|Any CPU
		{D88DEEDA-9975-4EB0-ADB7-E0DFEDA313AD}.Release|x64.Build.0 = Release|Any CPU
		{D88DEEDA-9975-4EB0-ADB7-E0DFEDA313AD}.Release|x86.ActiveCfg = Release|Any CPU
		{D88DEEDA-9975-4EB0-ADB7-E0DFEDA313AD}.Release|x86.Build.0 = Release|Any CPU
		{38B0B2EE-2A96-4AE4-A632-9C40F1738DF3}.Debug|Any CPU.ActiveCfg = Debug|Any CPU
		{38B0B2EE-2A96-4AE4-A632-9C40F1738DF3}.Debug|Any CPU.Build.0 = Debug|Any CPU
		{38B0B2EE-2A96-4AE4-A632-9C40F1738DF3}.Debug|x64.ActiveCfg = Debug|Any CPU
		{38B0B2EE-2A96-4AE4-A632-9C40F1738DF3}.Debug|x64.Build.0 = Debug|Any CPU
		{38B0B2EE-2A96-4AE4-A632-9C40F1738DF3}.Debug|x86.ActiveCfg = Debug|Any CPU
		{38B0B2EE-2A96-4AE4-A632-9C40F1738DF3}.Debug|x86.Build.0 = Debug|Any CPU
		{38B0B2EE-2A96-4AE4-A632-9C40F1738DF3}.Release|Any CPU.ActiveCfg = Release|Any CPU
		{38B0B2EE-2A96-4AE4-A632-9C40F1738DF3}.Release|Any CPU.Build.0 = Release|Any CPU
		{38B0B2EE-2A96-4AE4-A632-9C40F1738DF3}.Release|x64.ActiveCfg = Release|Any CPU
		{38B0B2EE-2A96-4AE4-A632-9C40F1738DF3}.Release|x64.Build.0 = Release|Any CPU
		{38B0B2EE-2A96-4AE4-A632-9C40F1738DF3}.Release|x86.ActiveCfg = Release|Any CPU
		{38B0B2EE-2A96-4AE4-A632-9C40F1738DF3}.Release|x86.Build.0 = Release|Any CPU
		{AAC535A7-D1CC-48E3-ACCD-79588ADE1B88}.Debug|Any CPU.ActiveCfg = Debug|Any CPU
		{AAC535A7-D1CC-48E3-ACCD-79588ADE1B88}.Debug|Any CPU.Build.0 = Debug|Any CPU
		{AAC535A7-D1CC-48E3-ACCD-79588ADE1B88}.Debug|x64.ActiveCfg = Debug|Any CPU
		{AAC535A7-D1CC-48E3-ACCD-79588ADE1B88}.Debug|x64.Build.0 = Debug|Any CPU
		{AAC535A7-D1CC-48E3-ACCD-79588ADE1B88}.Debug|x86.ActiveCfg = Debug|Any CPU
		{AAC535A7-D1CC-48E3-ACCD-79588ADE1B88}.Debug|x86.Build.0 = Debug|Any CPU
		{AAC535A7-D1CC-48E3-ACCD-79588ADE1B88}.Release|Any CPU.ActiveCfg = Release|Any CPU
		{AAC535A7-D1CC-48E3-ACCD-79588ADE1B88}.Release|Any CPU.Build.0 = Release|Any CPU
		{AAC535A7-D1CC-48E3-ACCD-79588ADE1B88}.Release|x64.ActiveCfg = Release|Any CPU
		{AAC535A7-D1CC-48E3-ACCD-79588ADE1B88}.Release|x64.Build.0 = Release|Any CPU
		{AAC535A7-D1CC-48E3-ACCD-79588ADE1B88}.Release|x86.ActiveCfg = Release|Any CPU
		{AAC535A7-D1CC-48E3-ACCD-79588ADE1B88}.Release|x86.Build.0 = Release|Any CPU
	EndGlobalSection
	GlobalSection(SolutionProperties) = preSolution
		HideSolutionNode = FALSE
	EndGlobalSection
	GlobalSection(NestedProjects) = preSolution
		{D88DEEDA-9975-4EB0-ADB7-E0DFEDA313AD} = {30E0BAFD-5601-4408-B33D-21ACC059C939}
		{AAC535A7-D1CC-48E3-ACCD-79588ADE1B88} = {30E0BAFD-5601-4408-B33D-21ACC059C939}
	EndGlobalSection
	GlobalSection(ExtensibilityGlobals) = postSolution
		SolutionGuid = {DF5C6D51-A22E-4FA0-BF29-6F57208EF6F4}
	EndGlobalSection
EndGlobal
